
Microsoft Visual Studio Solution File, Format Version 12.00
# Visual Studio Version 16
VisualStudioVersion = 16.0.30804.86
MinimumVisualStudioVersion = 10.0.40219.1
Project("{9A19103F-16F7-4668-BE54-9A1E7A4F7556}") = "KampIntro", "KampIntro\KampIntro.csproj", "{D5695031-4D81-468B-B5A0-C3AD14C087C7}"
EndProject
Project("{9A19103F-16F7-4668-BE54-9A1E7A4F7556}") = "Methods", "Methods\Methods.csproj", "{02C175C9-7CC7-44E7-97D3-B8D16C18530F}"
EndProject
Project("{9A19103F-16F7-4668-BE54-9A1E7A4F7556}") = "ValueOrReference", "PassByValueOrReference\ValueOrReference.csproj", "{1B5C2DF2-6AF2-4980-A6BA-2B242383602F}"
EndProject
Project("{9A19103F-16F7-4668-BE54-9A1E7A4F7556}") = "OOP1", "OOP1\OOP1.csproj", "{8B896CCB-D27F-4C2B-8009-CA8346BF4FD1}"
EndProject
Project("{FAE04EC0-301F-11D3-BF4B-00C04F79EFBC}") = "GenericsIntro", "GenericsIntro\GenericsIntro.csproj", "{131A0C91-9D09-4932-A24A-71F0936F01DB}"
EndProject
Global
	GlobalSection(SolutionConfigurationPlatforms) = preSolution
		Debug|Any CPU = Debug|Any CPU
		Release|Any CPU = Release|Any CPU
	EndGlobalSection
	GlobalSection(ProjectConfigurationPlatforms) = postSolution
		{D5695031-4D81-468B-B5A0-C3AD14C087C7}.Debug|Any CPU.ActiveCfg = Debug|Any CPU
		{D5695031-4D81-468B-B5A0-C3AD14C087C7}.Debug|Any CPU.Build.0 = Debug|Any CPU
		{D5695031-4D81-468B-B5A0-C3AD14C087C7}.Release|Any CPU.ActiveCfg = Release|Any CPU
		{D5695031-4D81-468B-B5A0-C3AD14C087C7}.Release|Any CPU.Build.0 = Release|Any CPU
		{02C175C9-7CC7-44E7-97D3-B8D16C18530F}.Debug|Any CPU.ActiveCfg = Debug|Any CPU
		{02C175C9-7CC7-44E7-97D3-B8D16C18530F}.Debug|Any CPU.Build.0 = Debug|Any CPU
		{02C175C9-7CC7-44E7-97D3-B8D16C18530F}.Release|Any CPU.ActiveCfg = Release|Any CPU
		{02C175C9-7CC7-44E7-97D3-B8D16C18530F}.Release|Any CPU.Build.0 = Release|Any CPU
		{1B5C2DF2-6AF2-4980-A6BA-2B242383602F}.Debug|Any CPU.ActiveCfg = Debug|Any CPU
		{1B5C2DF2-6AF2-4980-A6BA-2B242383602F}.Debug|Any CPU.Build.0 = Debug|Any CPU
		{1B5C2DF2-6AF2-4980-A6BA-2B242383602F}.Release|Any CPU.ActiveCfg = Release|Any CPU
		{1B5C2DF2-6AF2-4980-A6BA-2B242383602F}.Release|Any CPU.Build.0 = Release|Any CPU
		{8B896CCB-D27F-4C2B-8009-CA8346BF4FD1}.Debug|Any CPU.ActiveCfg = Debug|Any CPU
		{8B896CCB-D27F-4C2B-8009-CA8346BF4FD1}.Debug|Any CPU.Build.0 = Debug|Any CPU
		{8B896CCB-D27F-4C2B-8009-CA8346BF4FD1}.Release|Any CPU.ActiveCfg = Release|Any CPU
		{8B896CCB-D27F-4C2B-8009-CA8346BF4FD1}.Release|Any CPU.Build.0 = Release|Any CPU
		{131A0C91-9D09-4932-A24A-71F0936F01DB}.Debug|Any CPU.ActiveCfg = Debug|Any CPU
		{131A0C91-9D09-4932-A24A-71F0936F01DB}.Debug|Any CPU.Build.0 = Debug|Any CPU
		{131A0C91-9D09-4932-A24A-71F0936F01DB}.Release|Any CPU.ActiveCfg = Release|Any CPU
		{131A0C91-9D09-4932-A24A-71F0936F01DB}.Release|Any CPU.Build.0 = Release|Any CPU
	EndGlobalSection
	GlobalSection(SolutionProperties) = preSolution
		HideSolutionNode = FALSE
	EndGlobalSection
	GlobalSection(ExtensibilityGlobals) = postSolution
		SolutionGuid = {AB6A3C5A-11D2-429F-BC26-B639DFFF7A86}
	EndGlobalSection
EndGlobal
